
Microsoft Visual Studio Solution File, Format Version 12.00
# Visual Studio Version 17
VisualStudioVersion = 17.8.34525.116
MinimumVisualStudioVersion = 10.0.40219.1
Project("{FAE04EC0-301F-11D3-BF4B-00C04F79EFBC}") = "BearLang", "BearLang\BearLang.csproj", "{CCEFEF92-1467-474C-B827-2DBF43BFC1DC}"
EndProject
Global
	GlobalSection(SolutionConfigurationPlatforms) = preSolution
		Debug|Any CPU = Debug|Any CPU
		Release|Any CPU = Release|Any CPU
	EndGlobalSection
	GlobalSection(ProjectConfigurationPlatforms) = postSolution
		{CCEFEF92-1467-474C-B827-2DBF43BFC1DC}.Debug|Any CPU.ActiveCfg = Debug|Any CPU
		{CCEFEF92-1467-474C-B827-2DBF43BFC1DC}.Debug|Any CPU.Build.0 = Debug|Any CPU
		{CCEFEF92-1467-474C-B827-2DBF43BFC1DC}.Release|Any CPU.ActiveCfg = Release|Any CPU
		{CCEFEF92-1467-474C-B827-2DBF43BFC1DC}.Release|Any CPU.Build.0 = Release|Any CPU
	EndGlobalSection
	GlobalSection(SolutionProperties) = preSolution
		HideSolutionNode = FALSE
	EndGlobalSection
	GlobalSection(ExtensibilityGlobals) = postSolution
		SolutionGuid = {7DA940D3-FDA3-4D7B-BB05-C9D81408B44B}
	EndGlobalSection
EndGlobal
